
Microsoft Visual Studio Solution File, Format Version 12.00
# Visual Studio Version 16
VisualStudioVersion = 16.0.29709.97
MinimumVisualStudioVersion = 10.0.40219.1
Project("{FAE04EC0-301F-11D3-BF4B-00C04F79EFBC}") = "UI.Database", "Database\UI.Database.csproj", "{530D8C57-1012-49D1-B806-4F03CD88280F}"
EndProject
Project("{FAE04EC0-301F-11D3-BF4B-00C04F79EFBC}") = "UI.Logic", "Logic\UI.Logic.csproj", "{F60DC20B-8440-48CD-85D9-7987CA2E8A21}"
EndProject
Project("{FAE04EC0-301F-11D3-BF4B-00C04F79EFBC}") = "UI.Desktop", "Desktop\UI.Desktop.csproj", "{A3F6A852-4A80-42EF-B202-8467B4CD5602}"
EndProject
Global
	GlobalSection(SolutionConfigurationPlatforms) = preSolution
		Debug|Any CPU = Debug|Any CPU
		Release|Any CPU = Release|Any CPU
	EndGlobalSection
	GlobalSection(ProjectConfigurationPlatforms) = postSolution
		{530D8C57-1012-49D1-B806-4F03CD88280F}.Debug|Any CPU.ActiveCfg = Debug|Any CPU
		{530D8C57-1012-49D1-B806-4F03CD88280F}.Debug|Any CPU.Build.0 = Debug|Any CPU
		{530D8C57-1012-49D1-B806-4F03CD88280F}.Release|Any CPU.ActiveCfg = Release|Any CPU
		{530D8C57-1012-49D1-B806-4F03CD88280F}.Release|Any CPU.Build.0 = Release|Any CPU
		{F60DC20B-8440-48CD-85D9-7987CA2E8A21}.Debug|Any CPU.ActiveCfg = Debug|Any CPU
		{F60DC20B-8440-48CD-85D9-7987CA2E8A21}.Debug|Any CPU.Build.0 = Debug|Any CPU
		{F60DC20B-8440-48CD-85D9-7987CA2E8A21}.Release|Any CPU.ActiveCfg = Release|Any CPU
		{F60DC20B-8440-48CD-85D9-7987CA2E8A21}.Release|Any CPU.Build.0 = Release|Any CPU
		{A3F6A852-4A80-42EF-B202-8467B4CD5602}.Debug|Any CPU.ActiveCfg = Debug|Any CPU
		{A3F6A852-4A80-42EF-B202-8467B4CD5602}.Debug|Any CPU.Build.0 = Debug|Any CPU
		{A3F6A852-4A80-42EF-B202-8467B4CD5602}.Release|Any CPU.ActiveCfg = Release|Any CPU
		{A3F6A852-4A80-42EF-B202-8467B4CD5602}.Release|Any CPU.Build.0 = Release|Any CPU
	EndGlobalSection
	GlobalSection(SolutionProperties) = preSolution
		HideSolutionNode = FALSE
	EndGlobalSection
	GlobalSection(ExtensibilityGlobals) = postSolution
		SolutionGuid = {59484835-43AD-4503-BD3B-84C47E92C54D}
	EndGlobalSection
EndGlobal
